
Microsoft Visual Studio Solution File, Format Version 12.00
# Visual Studio Version 16
VisualStudioVersion = 16.0.31702.278
MinimumVisualStudioVersion = 10.0.40219.1
Project("{2150E333-8FDC-42A3-9474-1A3956D46DE8}") = "ApiGateway", "ApiGateway", "{DDEB553D-C569-411B-98E5-14FBF20FC37F}"
EndProject
Project("{2150E333-8FDC-42A3-9474-1A3956D46DE8}") = "Shared", "Shared", "{337EA6C7-7CC0-4179-A951-FAD5107D6C6C}"
EndProject
Project("{9A19103F-16F7-4668-BE54-9A1E7A4F7556}") = "Shared.Domain.Abstractions", "Shared\Shared.Doamin.Abstractions\Shared.Domain.Abstractions.csproj", "{0AEFFBAF-2753-4664-9E06-F1B0DD5A4C23}"
EndProject
Project("{9A19103F-16F7-4668-BE54-9A1E7A4F7556}") = "Shared.Infrastructure.Core", "Shared\Shared.Infrastructure.Core\Shared.Infrastructure.Core.csproj", "{7152C669-8EDF-4E52-853D-75D4E1F4A8BB}"
EndProject
Project("{2150E333-8FDC-42A3-9474-1A3956D46DE8}") = "Services", "Services", "{B21F74E5-289E-42F9-9B0D-55B32E87FF39}"
EndProject
Project("{2150E333-8FDC-42A3-9474-1A3956D46DE8}") = "Identity", "Identity", "{EA7FFFBB-43D6-4224-97DD-66D59245225B}"
EndProject
Project("{9A19103F-16F7-4668-BE54-9A1E7A4F7556}") = "Gateway.Api", "ApiGateway\Gateway.Api.csproj", "{679E607B-15C7-431B-A41A-5FA463835F22}"
EndProject
Project("{9A19103F-16F7-4668-BE54-9A1E7A4F7556}") = "NMS.Identity.Web", "Services\Identity\NMS.Identity.Web.csproj", "{08EF70D2-C38D-4C36-BF5A-D88F10D9FA92}"
EndProject
Project("{2150E333-8FDC-42A3-9474-1A3956D46DE8}") = "Patient", "Patient", "{44CA63DA-C8DF-40D0-A887-2B2C3FFA0760}"
EndProject
Project("{9A19103F-16F7-4668-BE54-9A1E7A4F7556}") = "NMS.Patient.Domain", "Services\Patient\NMS.Patient.Domain\NMS.Patient.Domain.csproj", "{9CA470ED-7DA7-4192-9DFB-9F8FCA793430}"
EndProject
Project("{9A19103F-16F7-4668-BE54-9A1E7A4F7556}") = "NMS.Patient.Infrastructure", "Services\Patient\NMS.Patient.Infrastructure\NMS.Patient.Infrastructure.csproj", "{21F36BF7-E5D8-4B70-8AF3-9B43CF6D236F}"
EndProject
Project("{9A19103F-16F7-4668-BE54-9A1E7A4F7556}") = "NMS.Patient.Service", "Services\Patient\NMS.Patient.Service\NMS.Patient.Service.csproj", "{24F7409E-B386-4EE1-85C1-02FC6A716F5D}"
EndProject
Project("{9A19103F-16F7-4668-BE54-9A1E7A4F7556}") = "NMS.Patient.Web", "Services\Patient\NMS.Patient.Web\NMS.Patient.Web.csproj", "{800A006C-16CE-42B3-80BE-687076667ED4}"
EndProject
Project("{2150E333-8FDC-42A3-9474-1A3956D46DE8}") = "User", "User", "{1E03DBF0-E29D-40A9-9F60-ABD5025E137E}"
EndProject
Project("{9A19103F-16F7-4668-BE54-9A1E7A4F7556}") = "NMS.User.Domain", "Services\User\NMS.User.Domain\NMS.User.Domain.csproj", "{72BFD756-5ABA-42CB-BD75-6A91EC7F92F9}"
EndProject
Project("{9A19103F-16F7-4668-BE54-9A1E7A4F7556}") = "NMS.User.Infrastructure", "Services\User\NMS.User.Infrastructure\NMS.User.Infrastructure.csproj", "{4AE090A4-D175-4A9D-9F61-A701884AB30D}"
EndProject
Project("{9A19103F-16F7-4668-BE54-9A1E7A4F7556}") = "NMS.User.Service", "Services\User\NMS.User.Service\NMS.User.Service.csproj", "{BBA2ABA9-546E-4F45-8B27-74744BE4EF71}"
EndProject
Project("{9A19103F-16F7-4668-BE54-9A1E7A4F7556}") = "NMS.User.Web", "Services\User\NMS.User.Web\NMS.User.Web.csproj", "{7C32C02C-CA71-46DF-88E8-53D0991C8ACC}"
EndProject
Project("{2150E333-8FDC-42A3-9474-1A3956D46DE8}") = "Grpc", "Grpc", "{F3D371D3-CE44-4361-A0BA-D216D297B031}"
	ProjectSection(SolutionItems) = preProject
		Shared\Grpc\HealthCheck.proto = Shared\Grpc\HealthCheck.proto
		Shared\Grpc\patients.proto = Shared\Grpc\patients.proto
	EndProjectSection
EndProject
Project("{E53339B2-1760-4266-BCC7-CA923CBCF16C}") = "docker-compose", "docker-compose.dcproj", "{D5352A4E-1EC7-4826-9157-74A54937B35F}"
EndProject
Global
	GlobalSection(SolutionConfigurationPlatforms) = preSolution
		Debug|Any CPU = Debug|Any CPU
		Release|Any CPU = Release|Any CPU
	EndGlobalSection
	GlobalSection(ProjectConfigurationPlatforms) = postSolution
		{0AEFFBAF-2753-4664-9E06-F1B0DD5A4C23}.Debug|Any CPU.ActiveCfg = Debug|Any CPU
		{0AEFFBAF-2753-4664-9E06-F1B0DD5A4C23}.Debug|Any CPU.Build.0 = Debug|Any CPU
		{0AEFFBAF-2753-4664-9E06-F1B0DD5A4C23}.Release|Any CPU.ActiveCfg = Release|Any CPU
		{0AEFFBAF-2753-4664-9E06-F1B0DD5A4C23}.Release|Any CPU.Build.0 = Release|Any CPU
		{7152C669-8EDF-4E52-853D-75D4E1F4A8BB}.Debug|Any CPU.ActiveCfg = Debug|Any CPU
		{7152C669-8EDF-4E52-853D-75D4E1F4A8BB}.Debug|Any CPU.Build.0 = Debug|Any CPU
		{7152C669-8EDF-4E52-853D-75D4E1F4A8BB}.Release|Any CPU.ActiveCfg = Release|Any CPU
		{7152C669-8EDF-4E52-853D-75D4E1F4A8BB}.Release|Any CPU.Build.0 = Release|Any CPU
		{679E607B-15C7-431B-A41A-5FA463835F22}.Debug|Any CPU.ActiveCfg = Debug|Any CPU
		{679E607B-15C7-431B-A41A-5FA463835F22}.Debug|Any CPU.Build.0 = Debug|Any CPU
		{679E607B-15C7-431B-A41A-5FA463835F22}.Release|Any CPU.ActiveCfg = Release|Any CPU
		{679E607B-15C7-431B-A41A-5FA463835F22}.Release|Any CPU.Build.0 = Release|Any CPU
		{08EF70D2-C38D-4C36-BF5A-D88F10D9FA92}.Debug|Any CPU.ActiveCfg = Debug|Any CPU
		{08EF70D2-C38D-4C36-BF5A-D88F10D9FA92}.Debug|Any CPU.Build.0 = Debug|Any CPU
		{08EF70D2-C38D-4C36-BF5A-D88F10D9FA92}.Release|Any CPU.ActiveCfg = Release|Any CPU
		{08EF70D2-C38D-4C36-BF5A-D88F10D9FA92}.Release|Any CPU.Build.0 = Release|Any CPU
		{9CA470ED-7DA7-4192-9DFB-9F8FCA793430}.Debug|Any CPU.ActiveCfg = Debug|Any CPU
		{9CA470ED-7DA7-4192-9DFB-9F8FCA793430}.Debug|Any CPU.Build.0 = Debug|Any CPU
		{9CA470ED-7DA7-4192-9DFB-9F8FCA793430}.Release|Any CPU.ActiveCfg = Release|Any CPU
		{9CA470ED-7DA7-4192-9DFB-9F8FCA793430}.Release|Any CPU.Build.0 = Release|Any CPU
		{21F36BF7-E5D8-4B70-8AF3-9B43CF6D236F}.Debug|Any CPU.ActiveCfg = Debug|Any CPU
		{21F36BF7-E5D8-4B70-8AF3-9B43CF6D236F}.Debug|Any CPU.Build.0 = Debug|Any CPU
		{21F36BF7-E5D8-4B70-8AF3-9B43CF6D236F}.Release|Any CPU.ActiveCfg = Release|Any CPU
		{21F36BF7-E5D8-4B70-8AF3-9B43CF6D236F}.Release|Any CPU.Build.0 = Release|Any CPU
		{24F7409E-B386-4EE1-85C1-02FC6A716F5D}.Debug|Any CPU.ActiveCfg = Debug|Any CPU
		{24F7409E-B386-4EE1-85C1-02FC6A716F5D}.Debug|Any CPU.Build.0 = Debug|Any CPU
		{24F7409E-B386-4EE1-85C1-02FC6A716F5D}.Release|Any CPU.ActiveCfg = Release|Any CPU
		{24F7409E-B386-4EE1-85C1-02FC6A716F5D}.Release|Any CPU.Build.0 = Release|Any CPU
		{800A006C-16CE-42B3-80BE-687076667ED4}.Debug|Any CPU.ActiveCfg = Debug|Any CPU
		{800A006C-16CE-42B3-80BE-687076667ED4}.Debug|Any CPU.Build.0 = Debug|Any CPU
		{800A006C-16CE-42B3-80BE-687076667ED4}.Release|Any CPU.ActiveCfg = Release|Any CPU
		{800A006C-16CE-42B3-80BE-687076667ED4}.Release|Any CPU.Build.0 = Release|Any CPU
		{72BFD756-5ABA-42CB-BD75-6A91EC7F92F9}.Debug|Any CPU.ActiveCfg = Debug|Any CPU
		{72BFD756-5ABA-42CB-BD75-6A91EC7F92F9}.Debug|Any CPU.Build.0 = Debug|Any CPU
		{72BFD756-5ABA-42CB-BD75-6A91EC7F92F9}.Release|Any CPU.ActiveCfg = Release|Any CPU
		{72BFD756-5ABA-42CB-BD75-6A91EC7F92F9}.Release|Any CPU.Build.0 = Release|Any CPU
		{4AE090A4-D175-4A9D-9F61-A701884AB30D}.Debug|Any CPU.ActiveCfg = Debug|Any CPU
		{4AE090A4-D175-4A9D-9F61-A701884AB30D}.Debug|Any CPU.Build.0 = Debug|Any CPU
		{4AE090A4-D175-4A9D-9F61-A701884AB30D}.Release|Any CPU.ActiveCfg = Release|Any CPU
		{4AE090A4-D175-4A9D-9F61-A701884AB30D}.Release|Any CPU.Build.0 = Release|Any CPU
		{BBA2ABA9-546E-4F45-8B27-74744BE4EF71}.Debug|Any CPU.ActiveCfg = Debug|Any CPU
		{BBA2ABA9-546E-4F45-8B27-74744BE4EF71}.Debug|Any CPU.Build.0 = Debug|Any CPU
		{BBA2ABA9-546E-4F45-8B27-74744BE4EF71}.Release|Any CPU.ActiveCfg = Release|Any CPU
		{BBA2ABA9-546E-4F45-8B27-74744BE4EF71}.Release|Any CPU.Build.0 = Release|Any CPU
		{7C32C02C-CA71-46DF-88E8-53D0991C8ACC}.Debug|Any CPU.ActiveCfg = Debug|Any CPU
		{7C32C02C-CA71-46DF-88E8-53D0991C8ACC}.Debug|Any CPU.Build.0 = Debug|Any CPU
		{7C32C02C-CA71-46DF-88E8-53D0991C8ACC}.Release|Any CPU.ActiveCfg = Release|Any CPU
		{7C32C02C-CA71-46DF-88E8-53D0991C8ACC}.Release|Any CPU.Build.0 = Release|Any CPU
		{D5352A4E-1EC7-4826-9157-74A54937B35F}.Debug|Any CPU.ActiveCfg = Debug|Any CPU
		{D5352A4E-1EC7-4826-9157-74A54937B35F}.Debug|Any CPU.Build.0 = Debug|Any CPU
		{D5352A4E-1EC7-4826-9157-74A54937B35F}.Release|Any CPU.ActiveCfg = Release|Any CPU
		{D5352A4E-1EC7-4826-9157-74A54937B35F}.Release|Any CPU.Build.0 = Release|Any CPU
	EndGlobalSection
	GlobalSection(SolutionProperties) = preSolution
		HideSolutionNode = FALSE
	EndGlobalSection
	GlobalSection(NestedProjects) = preSolution
		{0AEFFBAF-2753-4664-9E06-F1B0DD5A4C23} = {337EA6C7-7CC0-4179-A951-FAD5107D6C6C}
		{7152C669-8EDF-4E52-853D-75D4E1F4A8BB} = {337EA6C7-7CC0-4179-A951-FAD5107D6C6C}
		{EA7FFFBB-43D6-4224-97DD-66D59245225B} = {B21F74E5-289E-42F9-9B0D-55B32E87FF39}
		{679E607B-15C7-431B-A41A-5FA463835F22} = {DDEB553D-C569-411B-98E5-14FBF20FC37F}
		{08EF70D2-C38D-4C36-BF5A-D88F10D9FA92} = {EA7FFFBB-43D6-4224-97DD-66D59245225B}
		{44CA63DA-C8DF-40D0-A887-2B2C3FFA0760} = {B21F74E5-289E-42F9-9B0D-55B32E87FF39}
		{9CA470ED-7DA7-4192-9DFB-9F8FCA793430} = {44CA63DA-C8DF-40D0-A887-2B2C3FFA0760}
		{21F36BF7-E5D8-4B70-8AF3-9B43CF6D236F} = {44CA63DA-C8DF-40D0-A887-2B2C3FFA0760}
		{24F7409E-B386-4EE1-85C1-02FC6A716F5D} = {44CA63DA-C8DF-40D0-A887-2B2C3FFA0760}
		{800A006C-16CE-42B3-80BE-687076667ED4} = {44CA63DA-C8DF-40D0-A887-2B2C3FFA0760}
		{1E03DBF0-E29D-40A9-9F60-ABD5025E137E} = {B21F74E5-289E-42F9-9B0D-55B32E87FF39}
		{72BFD756-5ABA-42CB-BD75-6A91EC7F92F9} = {1E03DBF0-E29D-40A9-9F60-ABD5025E137E}
		{4AE090A4-D175-4A9D-9F61-A701884AB30D} = {1E03DBF0-E29D-40A9-9F60-ABD5025E137E}
		{BBA2ABA9-546E-4F45-8B27-74744BE4EF71} = {1E03DBF0-E29D-40A9-9F60-ABD5025E137E}
		{7C32C02C-CA71-46DF-88E8-53D0991C8ACC} = {1E03DBF0-E29D-40A9-9F60-ABD5025E137E}
		{F3D371D3-CE44-4361-A0BA-D216D297B031} = {337EA6C7-7CC0-4179-A951-FAD5107D6C6C}
	EndGlobalSection
	GlobalSection(ExtensibilityGlobals) = postSolution
		SolutionGuid = {322ABF73-75B9-4299-807A-6C899C0DE2DF}
	EndGlobalSection
EndGlobal
