
Microsoft Visual Studio Solution File, Format Version 12.00
# Visual Studio Version 16
VisualStudioVersion = 16.0.30011.22
MinimumVisualStudioVersion = 10.0.40219.1
Project("{2150E333-8FDC-42A3-9474-1A3956D46DE8}") = "ApiGateway", "ApiGateway", "{DDEB553D-C569-411B-98E5-14FBF20FC37F}"
EndProject
Project("{2150E333-8FDC-42A3-9474-1A3956D46DE8}") = "Shared", "Shared", "{337EA6C7-7CC0-4179-A951-FAD5107D6C6C}"
EndProject
Project("{9A19103F-16F7-4668-BE54-9A1E7A4F7556}") = "Shared.Domain.Abstractions", "Shared\Shared.Doamin.Abstractions\Shared.Domain.Abstractions.csproj", "{0AEFFBAF-2753-4664-9E06-F1B0DD5A4C23}"
EndProject
Project("{9A19103F-16F7-4668-BE54-9A1E7A4F7556}") = "Shared.Infrastructure.Core", "Shared\Shared.Infrastructure.Core\Shared.Infrastructure.Core.csproj", "{7152C669-8EDF-4E52-853D-75D4E1F4A8BB}"
EndProject
Project("{2150E333-8FDC-42A3-9474-1A3956D46DE8}") = "Services", "Services", "{B21F74E5-289E-42F9-9B0D-55B32E87FF39}"
EndProject
Project("{2150E333-8FDC-42A3-9474-1A3956D46DE8}") = "Identity", "Identity", "{EA7FFFBB-43D6-4224-97DD-66D59245225B}"
EndProject
Project("{9A19103F-16F7-4668-BE54-9A1E7A4F7556}") = "Identity.Core", "Services\Identity\Identity.Core\Identity.Core.csproj", "{55BB342B-EEB0-4C44-B41D-836B1F677622}"
EndProject
Project("{9A19103F-16F7-4668-BE54-9A1E7A4F7556}") = "Identity.Infrastructure", "Services\Identity\Identity.Infrastructure\Identity.Infrastructure.csproj", "{EBD61B11-85A7-4F9D-A900-89983031FDE0}"
EndProject
Project("{9A19103F-16F7-4668-BE54-9A1E7A4F7556}") = "Identity.Web", "Services\Identity\Identity.Web\Identity.Web.csproj", "{7CE11D9B-42CE-4439-B338-B3EE615B7ED7}"
EndProject
Project("{2150E333-8FDC-42A3-9474-1A3956D46DE8}") = "Reservation", "Reservation", "{12713270-7B04-418A-BC46-753EE8CD4A52}"
EndProject
Project("{9A19103F-16F7-4668-BE54-9A1E7A4F7556}") = "Gateway.Api", "ApiGateway\Gateway.Api.csproj", "{679E607B-15C7-431B-A41A-5FA463835F22}"
EndProject
Project("{9A19103F-16F7-4668-BE54-9A1E7A4F7556}") = "Pet.Reservation.Domain", "Services\Reservation\Pet.Domain\Pet.Reservation.Domain.csproj", "{E9DE1131-5E6E-4CEC-9FB5-7FE60C0B69CD}"
EndProject
Project("{9A19103F-16F7-4668-BE54-9A1E7A4F7556}") = "Pet.Reservation.Infrastructure", "Services\Reservation\Pet.Infrastructure\Pet.Reservation.Infrastructure.csproj", "{C29EB271-7F8F-4F83-8332-FE79F412589B}"
EndProject
Project("{9A19103F-16F7-4668-BE54-9A1E7A4F7556}") = "Pet.Reservation.Web", "Services\Reservation\Pet.Web\Pet.Reservation.Web.csproj", "{CFFE132C-A5FF-4C3D-B407-A9DDC869ADFA}"
EndProject
Project("{2150E333-8FDC-42A3-9474-1A3956D46DE8}") = "User", "User", "{ABEAA106-4ECA-40BC-ABFF-2CCE2A9D7CCD}"
EndProject
Project("{9A19103F-16F7-4668-BE54-9A1E7A4F7556}") = "Pet.User.Domain", "Services\User\Pet.Domain\Pet.User.Domain.csproj", "{B365A5A9-C0CA-4539-8EB8-7B5C8BE4B4AF}"
EndProject
Project("{9A19103F-16F7-4668-BE54-9A1E7A4F7556}") = "Pet.User.Infrastructure", "Services\User\Pet.Infrastructure\Pet.User.Infrastructure.csproj", "{AF00484E-2277-4218-8AB5-12924D0362C9}"
EndProject
Project("{9A19103F-16F7-4668-BE54-9A1E7A4F7556}") = "Pet.User.Web", "Services\User\Pet.Web\Pet.User.Web.csproj", "{FD139044-13F5-4DDA-9294-59FBE6CEC059}"
EndProject
Global
	GlobalSection(SolutionConfigurationPlatforms) = preSolution
		Debug|Any CPU = Debug|Any CPU
		Release|Any CPU = Release|Any CPU
	EndGlobalSection
	GlobalSection(ProjectConfigurationPlatforms) = postSolution
		{0AEFFBAF-2753-4664-9E06-F1B0DD5A4C23}.Debug|Any CPU.ActiveCfg = Debug|Any CPU
		{0AEFFBAF-2753-4664-9E06-F1B0DD5A4C23}.Debug|Any CPU.Build.0 = Debug|Any CPU
		{0AEFFBAF-2753-4664-9E06-F1B0DD5A4C23}.Release|Any CPU.ActiveCfg = Release|Any CPU
		{0AEFFBAF-2753-4664-9E06-F1B0DD5A4C23}.Release|Any CPU.Build.0 = Release|Any CPU
		{7152C669-8EDF-4E52-853D-75D4E1F4A8BB}.Debug|Any CPU.ActiveCfg = Debug|Any CPU
		{7152C669-8EDF-4E52-853D-75D4E1F4A8BB}.Debug|Any CPU.Build.0 = Debug|Any CPU
		{7152C669-8EDF-4E52-853D-75D4E1F4A8BB}.Release|Any CPU.ActiveCfg = Release|Any CPU
		{7152C669-8EDF-4E52-853D-75D4E1F4A8BB}.Release|Any CPU.Build.0 = Release|Any CPU
		{55BB342B-EEB0-4C44-B41D-836B1F677622}.Debug|Any CPU.ActiveCfg = Debug|Any CPU
		{55BB342B-EEB0-4C44-B41D-836B1F677622}.Debug|Any CPU.Build.0 = Debug|Any CPU
		{55BB342B-EEB0-4C44-B41D-836B1F677622}.Release|Any CPU.ActiveCfg = Release|Any CPU
		{55BB342B-EEB0-4C44-B41D-836B1F677622}.Release|Any CPU.Build.0 = Release|Any CPU
		{EBD61B11-85A7-4F9D-A900-89983031FDE0}.Debug|Any CPU.ActiveCfg = Debug|Any CPU
		{EBD61B11-85A7-4F9D-A900-89983031FDE0}.Debug|Any CPU.Build.0 = Debug|Any CPU
		{EBD61B11-85A7-4F9D-A900-89983031FDE0}.Release|Any CPU.ActiveCfg = Release|Any CPU
		{EBD61B11-85A7-4F9D-A900-89983031FDE0}.Release|Any CPU.Build.0 = Release|Any CPU
		{7CE11D9B-42CE-4439-B338-B3EE615B7ED7}.Debug|Any CPU.ActiveCfg = Debug|Any CPU
		{7CE11D9B-42CE-4439-B338-B3EE615B7ED7}.Debug|Any CPU.Build.0 = Debug|Any CPU
		{7CE11D9B-42CE-4439-B338-B3EE615B7ED7}.Release|Any CPU.ActiveCfg = Release|Any CPU
		{7CE11D9B-42CE-4439-B338-B3EE615B7ED7}.Release|Any CPU.Build.0 = Release|Any CPU
		{679E607B-15C7-431B-A41A-5FA463835F22}.Debug|Any CPU.ActiveCfg = Debug|Any CPU
		{679E607B-15C7-431B-A41A-5FA463835F22}.Debug|Any CPU.Build.0 = Debug|Any CPU
		{679E607B-15C7-431B-A41A-5FA463835F22}.Release|Any CPU.ActiveCfg = Release|Any CPU
		{679E607B-15C7-431B-A41A-5FA463835F22}.Release|Any CPU.Build.0 = Release|Any CPU
		{E9DE1131-5E6E-4CEC-9FB5-7FE60C0B69CD}.Debug|Any CPU.ActiveCfg = Debug|Any CPU
		{E9DE1131-5E6E-4CEC-9FB5-7FE60C0B69CD}.Debug|Any CPU.Build.0 = Debug|Any CPU
		{E9DE1131-5E6E-4CEC-9FB5-7FE60C0B69CD}.Release|Any CPU.ActiveCfg = Release|Any CPU
		{E9DE1131-5E6E-4CEC-9FB5-7FE60C0B69CD}.Release|Any CPU.Build.0 = Release|Any CPU
		{C29EB271-7F8F-4F83-8332-FE79F412589B}.Debug|Any CPU.ActiveCfg = Debug|Any CPU
		{C29EB271-7F8F-4F83-8332-FE79F412589B}.Debug|Any CPU.Build.0 = Debug|Any CPU
		{C29EB271-7F8F-4F83-8332-FE79F412589B}.Release|Any CPU.ActiveCfg = Release|Any CPU
		{C29EB271-7F8F-4F83-8332-FE79F412589B}.Release|Any CPU.Build.0 = Release|Any CPU
		{CFFE132C-A5FF-4C3D-B407-A9DDC869ADFA}.Debug|Any CPU.ActiveCfg = Debug|Any CPU
		{CFFE132C-A5FF-4C3D-B407-A9DDC869ADFA}.Debug|Any CPU.Build.0 = Debug|Any CPU
		{CFFE132C-A5FF-4C3D-B407-A9DDC869ADFA}.Release|Any CPU.ActiveCfg = Release|Any CPU
		{CFFE132C-A5FF-4C3D-B407-A9DDC869ADFA}.Release|Any CPU.Build.0 = Release|Any CPU
		{B365A5A9-C0CA-4539-8EB8-7B5C8BE4B4AF}.Debug|Any CPU.ActiveCfg = Debug|Any CPU
		{B365A5A9-C0CA-4539-8EB8-7B5C8BE4B4AF}.Debug|Any CPU.Build.0 = Debug|Any CPU
		{B365A5A9-C0CA-4539-8EB8-7B5C8BE4B4AF}.Release|Any CPU.ActiveCfg = Release|Any CPU
		{B365A5A9-C0CA-4539-8EB8-7B5C8BE4B4AF}.Release|Any CPU.Build.0 = Release|Any CPU
		{AF00484E-2277-4218-8AB5-12924D0362C9}.Debug|Any CPU.ActiveCfg = Debug|Any CPU
		{AF00484E-2277-4218-8AB5-12924D0362C9}.Debug|Any CPU.Build.0 = Debug|Any CPU
		{AF00484E-2277-4218-8AB5-12924D0362C9}.Release|Any CPU.ActiveCfg = Release|Any CPU
		{AF00484E-2277-4218-8AB5-12924D0362C9}.Release|Any CPU.Build.0 = Release|Any CPU
		{FD139044-13F5-4DDA-9294-59FBE6CEC059}.Debug|Any CPU.ActiveCfg = Debug|Any CPU
		{FD139044-13F5-4DDA-9294-59FBE6CEC059}.Debug|Any CPU.Build.0 = Debug|Any CPU
		{FD139044-13F5-4DDA-9294-59FBE6CEC059}.Release|Any CPU.ActiveCfg = Release|Any CPU
		{FD139044-13F5-4DDA-9294-59FBE6CEC059}.Release|Any CPU.Build.0 = Release|Any CPU
	EndGlobalSection
	GlobalSection(SolutionProperties) = preSolution
		HideSolutionNode = FALSE
	EndGlobalSection
	GlobalSection(NestedProjects) = preSolution
		{0AEFFBAF-2753-4664-9E06-F1B0DD5A4C23} = {337EA6C7-7CC0-4179-A951-FAD5107D6C6C}
		{7152C669-8EDF-4E52-853D-75D4E1F4A8BB} = {337EA6C7-7CC0-4179-A951-FAD5107D6C6C}
		{EA7FFFBB-43D6-4224-97DD-66D59245225B} = {B21F74E5-289E-42F9-9B0D-55B32E87FF39}
		{55BB342B-EEB0-4C44-B41D-836B1F677622} = {EA7FFFBB-43D6-4224-97DD-66D59245225B}
		{EBD61B11-85A7-4F9D-A900-89983031FDE0} = {EA7FFFBB-43D6-4224-97DD-66D59245225B}
		{7CE11D9B-42CE-4439-B338-B3EE615B7ED7} = {EA7FFFBB-43D6-4224-97DD-66D59245225B}
		{12713270-7B04-418A-BC46-753EE8CD4A52} = {B21F74E5-289E-42F9-9B0D-55B32E87FF39}
		{679E607B-15C7-431B-A41A-5FA463835F22} = {DDEB553D-C569-411B-98E5-14FBF20FC37F}
		{E9DE1131-5E6E-4CEC-9FB5-7FE60C0B69CD} = {12713270-7B04-418A-BC46-753EE8CD4A52}
		{C29EB271-7F8F-4F83-8332-FE79F412589B} = {12713270-7B04-418A-BC46-753EE8CD4A52}
		{CFFE132C-A5FF-4C3D-B407-A9DDC869ADFA} = {12713270-7B04-418A-BC46-753EE8CD4A52}
		{ABEAA106-4ECA-40BC-ABFF-2CCE2A9D7CCD} = {B21F74E5-289E-42F9-9B0D-55B32E87FF39}
		{B365A5A9-C0CA-4539-8EB8-7B5C8BE4B4AF} = {ABEAA106-4ECA-40BC-ABFF-2CCE2A9D7CCD}
		{AF00484E-2277-4218-8AB5-12924D0362C9} = {ABEAA106-4ECA-40BC-ABFF-2CCE2A9D7CCD}
		{FD139044-13F5-4DDA-9294-59FBE6CEC059} = {ABEAA106-4ECA-40BC-ABFF-2CCE2A9D7CCD}
	EndGlobalSection
	GlobalSection(ExtensibilityGlobals) = postSolution
		SolutionGuid = {322ABF73-75B9-4299-807A-6C899C0DE2DF}
	EndGlobalSection
EndGlobal
